{
  "nodes": {
    "claude-carbon": {
      "flake": false,
      "locked": {
        "lastModified": 1781276814,
        "narHash": "sha256-mIleuP7NbbJgKRWq40jkPwOEqBdYJ/IdFgQszFqRBQQ=",
        "owner": "gwittebolle",
        "repo": "claude-carbon",
        "rev": "e20d40a007aa4f6fb20f4274e3d02e69948dc5db",
        "type": "github"
      },
      "original": {
        "owner": "gwittebolle",
        "repo": "claude-carbon",
        "type": "github"
      }
    },
    "nixpkgs": {
      "locked": {
        "lastModified": 1786106723,
        "narHash": "sha256-CgKDSHL6rqAAQkkvg1xaZDQXb77+4XW73iGcUMJ+2w0=",
        "rev": "f13ff45afd1bb73e640eaa08a7066dbed07e3238",
        "type": "tarball",
        "url": "https://releases.nixos.org/nixos/unstable/nixos-26.11pre1049422.f13ff45afd1b/nixexprs.tar.xz"
      },
      "original": {
        "type": "tarball",
        "url": "https://channels.nixos.org/nixos-unstable/nixexprs.tar.xz"
      }
    },
    "root": {
      "inputs": {
        "claude-carbon": "claude-carbon",
        "nixpkgs": "nixpkgs"
      }
    }
  },
  "root": "root",
  "version": 7
}
